
Microsoft Visual Studio Solution File, Format Version 12.00
# Visual Studio Version 16
VisualStudioVersion = 16.0.810.3
MinimumVisualStudioVersion = 10.0.40219.1
Project("{FAE04EC0-301F-11D3-BF4B-00C04F79EFBC}") = "erni-sample-app.Android", "erni-sample-app.Android\erni-sample-app.Android.csproj", "{BE024E00-56CC-4BC4-996E-BED527865876}"
EndProject
Project("{FAE04EC0-301F-11D3-BF4B-00C04F79EFBC}") = "erni-sample-app.iOS", "erni-sample-app.iOS\erni-sample-app.iOS.csproj", "{9EB865DA-103B-4D6A-A162-5139C9D9E973}"
EndProject
Project("{9A19103F-16F7-4668-BE54-9A1E7A4F7556}") = "erni-sample-app", "erni-sample-app\erni-sample-app.csproj", "{FE67FF33-428D-4F4D-8CB3-429ADCD00FC4}"
EndProject
Project("{FAE04EC0-301F-11D3-BF4B-00C04F79EFBC}") = "UnitTestProject", "UnitTestProject\UnitTestProject.csproj", "{917C40D6-513A-4CAC-A46F-A43FF3BC6971}"
EndProject
Global
	GlobalSection(SolutionConfigurationPlatforms) = preSolution
		Debug|Any CPU = Debug|Any CPU
		Debug|iPhone = Debug|iPhone
		Debug|iPhoneSimulator = Debug|iPhoneSimulator
		Release|Any CPU = Release|Any CPU
		Release|iPhone = Release|iPhone
		Release|iPhoneSimulator = Release|iPhoneSimulator
	EndGlobalSection
	GlobalSection(ProjectConfigurationPlatforms) = postSolution
		{BE024E00-56CC-4BC4-996E-BED527865876}.Debug|Any CPU.ActiveCfg = Debug|Any CPU
		{BE024E00-56CC-4BC4-996E-BED527865876}.Debug|Any CPU.Build.0 = Debug|Any CPU
		{BE024E00-56CC-4BC4-996E-BED527865876}.Debug|Any CPU.Deploy.0 = Debug|Any CPU
		{BE024E00-56CC-4BC4-996E-BED527865876}.Debug|iPhone.ActiveCfg = Debug|Any CPU
		{BE024E00-56CC-4BC4-996E-BED527865876}.Debug|iPhone.Build.0 = Debug|Any CPU
		{BE024E00-56CC-4BC4-996E-BED527865876}.Debug|iPhoneSimulator.ActiveCfg = Debug|Any CPU
		{BE024E00-56CC-4BC4-996E-BED527865876}.Debug|iPhoneSimulator.Build.0 = Debug|Any CPU
		{BE024E00-56CC-4BC4-996E-BED527865876}.Release|Any CPU.ActiveCfg = Release|Any CPU
		{BE024E00-56CC-4BC4-996E-BED527865876}.Release|Any CPU.Build.0 = Release|Any CPU
		{BE024E00-56CC-4BC4-996E-BED527865876}.Release|iPhone.ActiveCfg = Release|Any CPU
		{BE024E00-56CC-4BC4-996E-BED527865876}.Release|iPhone.Build.0 = Release|Any CPU
		{BE024E00-56CC-4BC4-996E-BED527865876}.Release|iPhoneSimulator.ActiveCfg = Release|Any CPU
		{BE024E00-56CC-4BC4-996E-BED527865876}.Release|iPhoneSimulator.Build.0 = Release|Any CPU
		{9EB865DA-103B-4D6A-A162-5139C9D9E973}.Debug|Any CPU.ActiveCfg = Debug|iPhoneSimulator
		{9EB865DA-103B-4D6A-A162-5139C9D9E973}.Debug|Any CPU.Build.0 = Debug|iPhoneSimulator
		{9EB865DA-103B-4D6A-A162-5139C9D9E973}.Debug|iPhone.ActiveCfg = Debug|iPhone
		{9EB865DA-103B-4D6A-A162-5139C9D9E973}.Debug|iPhone.Build.0 = Debug|iPhone
		{9EB865DA-103B-4D6A-A162-5139C9D9E973}.Debug|iPhoneSimulator.ActiveCfg = Debug|iPhoneSimulator
		{9EB865DA-103B-4D6A-A162-5139C9D9E973}.Debug|iPhoneSimulator.Build.0 = Debug|iPhoneSimulator
		{9EB865DA-103B-4D6A-A162-5139C9D9E973}.Release|Any CPU.ActiveCfg = Release|iPhoneSimulator
		{9EB865DA-103B-4D6A-A162-5139C9D9E973}.Release|Any CPU.Build.0 = Release|iPhoneSimulator
		{9EB865DA-103B-4D6A-A162-5139C9D9E973}.Release|iPhone.ActiveCfg = Release|iPhone
		{9EB865DA-103B-4D6A-A162-5139C9D9E973}.Release|iPhone.Build.0 = Release|iPhone
		{9EB865DA-103B-4D6A-A162-5139C9D9E973}.Release|iPhoneSimulator.ActiveCfg = Release|iPhoneSimulator
		{9EB865DA-103B-4D6A-A162-5139C9D9E973}.Release|iPhoneSimulator.Build.0 = Release|iPhoneSimulator
		{FE67FF33-428D-4F4D-8CB3-429ADCD00FC4}.Debug|Any CPU.ActiveCfg = Debug|Any CPU
		{FE67FF33-428D-4F4D-8CB3-429ADCD00FC4}.Debug|Any CPU.Build.0 = Debug|Any CPU
		{FE67FF33-428D-4F4D-8CB3-429ADCD00FC4}.Debug|iPhone.ActiveCfg = Debug|Any CPU
		{FE67FF33-428D-4F4D-8CB3-429ADCD00FC4}.Debug|iPhone.Build.0 = Debug|Any CPU
		{FE67FF33-428D-4F4D-8CB3-429ADCD00FC4}.Debug|iPhoneSimulator.ActiveCfg = Debug|Any CPU
		{FE67FF33-428D-4F4D-8CB3-429ADCD00FC4}.Debug|iPhoneSimulator.Build.0 = Debug|Any CPU
		{FE67FF33-428D-4F4D-8CB3-429ADCD00FC4}.Release|Any CPU.ActiveCfg = Release|Any CPU
		{FE67FF33-428D-4F4D-8CB3-429ADCD00FC4}.Release|Any CPU.Build.0 = Release|Any CPU
		{FE67FF33-428D-4F4D-8CB3-429ADCD00FC4}.Release|iPhone.ActiveCfg = Release|Any CPU
		{FE67FF33-428D-4F4D-8CB3-429ADCD00FC4}.Release|iPhone.Build.0 = Release|Any CPU
		{FE67FF33-428D-4F4D-8CB3-429ADCD00FC4}.Release|iPhoneSimulator.ActiveCfg = Release|Any CPU
		{FE67FF33-428D-4F4D-8CB3-429ADCD00FC4}.Release|iPhoneSimulator.Build.0 = Release|Any CPU
		{917C40D6-513A-4CAC-A46F-A43FF3BC6971}.Debug|Any CPU.ActiveCfg = Debug|Any CPU
		{917C40D6-513A-4CAC-A46F-A43FF3BC6971}.Debug|Any CPU.Build.0 = Debug|Any CPU
		{917C40D6-513A-4CAC-A46F-A43FF3BC6971}.Debug|iPhone.ActiveCfg = Debug|Any CPU
		{917C40D6-513A-4CAC-A46F-A43FF3BC6971}.Debug|iPhone.Build.0 = Debug|Any CPU
		{917C40D6-513A-4CAC-A46F-A43FF3BC6971}.Debug|iPhoneSimulator.ActiveCfg = Debug|Any CPU
		{917C40D6-513A-4CAC-A46F-A43FF3BC6971}.Debug|iPhoneSimulator.Build.0 = Debug|Any CPU
		{917C40D6-513A-4CAC-A46F-A43FF3BC6971}.Release|Any CPU.ActiveCfg = Release|Any CPU
		{917C40D6-513A-4CAC-A46F-A43FF3BC6971}.Release|Any CPU.Build.0 = Release|Any CPU
		{917C40D6-513A-4CAC-A46F-A43FF3BC6971}.Release|iPhone.ActiveCfg = Release|Any CPU
		{917C40D6-513A-4CAC-A46F-A43FF3BC6971}.Release|iPhone.Build.0 = Release|Any CPU
		{917C40D6-513A-4CAC-A46F-A43FF3BC6971}.Release|iPhoneSimulator.ActiveCfg = Release|Any CPU
		{917C40D6-513A-4CAC-A46F-A43FF3BC6971}.Release|iPhoneSimulator.Build.0 = Release|Any CPU
	EndGlobalSection
	GlobalSection(SolutionProperties) = preSolution
		HideSolutionNode = FALSE
	EndGlobalSection
	GlobalSection(ExtensibilityGlobals) = postSolution
		SolutionGuid = {AAFAA314-1BFA-4F50-A46D-0A0D0257F0F2}
	EndGlobalSection
EndGlobal
